
Microsoft Visual Studio Solution File, Format Version 12.00
# Visual Studio 15
VisualStudioVersion = 15.0.28307.960
MinimumVisualStudioVersion = 10.0.40219.1
Project("{FAE04EC0-301F-11D3-BF4B-00C04F79EFBC}") = "SportsStore.Domain", "SportsStore.Domain\SportsStore.Domain.csproj", "{C120E624-6201-48CE-8591-2F572EC897E0}"
EndProject
Project("{FAE04EC0-301F-11D3-BF4B-00C04F79EFBC}") = "SportStore.WebUI", "SportStore.WebUI\SportStore.WebUI.csproj", "{0CB846EE-9BDD-4CD0-87C7-031CFA274B7A}"
EndProject
Project("{FAE04EC0-301F-11D3-BF4B-00C04F79EFBC}") = "SportsStore.UnitTests", "SportsStore.UnitTests\SportsStore.UnitTests.csproj", "{96DE5377-5E63-42E0-BC3E-BC7AD2762FDB}"
EndProject
Global
	GlobalSection(SolutionConfigurationPlatforms) = preSolution
		Debug|Any CPU = Debug|Any CPU
		Release|Any CPU = Release|Any CPU
	EndGlobalSection
	GlobalSection(ProjectConfigurationPlatforms) = postSolution
		{C120E624-6201-48CE-8591-2F572EC897E0}.Debug|Any CPU.ActiveCfg = Debug|Any CPU
		{C120E624-6201-48CE-8591-2F572EC897E0}.Debug|Any CPU.Build.0 = Debug|Any CPU
		{C120E624-6201-48CE-8591-2F572EC897E0}.Release|Any CPU.ActiveCfg = Release|Any CPU
		{C120E624-6201-48CE-8591-2F572EC897E0}.Release|Any CPU.Build.0 = Release|Any CPU
		{0CB846EE-9BDD-4CD0-87C7-031CFA274B7A}.Debug|Any CPU.ActiveCfg = Debug|Any CPU
		{0CB846EE-9BDD-4CD0-87C7-031CFA274B7A}.Debug|Any CPU.Build.0 = Debug|Any CPU
		{0CB846EE-9BDD-4CD0-87C7-031CFA274B7A}.Release|Any CPU.ActiveCfg = Release|Any CPU
		{0CB846EE-9BDD-4CD0-87C7-031CFA274B7A}.Release|Any CPU.Build.0 = Release|Any CPU
		{96DE5377-5E63-42E0-BC3E-BC7AD2762FDB}.Debug|Any CPU.ActiveCfg = Debug|Any CPU
		{96DE5377-5E63-42E0-BC3E-BC7AD2762FDB}.Debug|Any CPU.Build.0 = Debug|Any CPU
		{96DE5377-5E63-42E0-BC3E-BC7AD2762FDB}.Release|Any CPU.ActiveCfg = Release|Any CPU
		{96DE5377-5E63-42E0-BC3E-BC7AD2762FDB}.Release|Any CPU.Build.0 = Release|Any CPU
	EndGlobalSection
	GlobalSection(SolutionProperties) = preSolution
		HideSolutionNode = FALSE
	EndGlobalSection
	GlobalSection(ExtensibilityGlobals) = postSolution
		SolutionGuid = {E96F9E24-5915-4B59-859C-A1C688377C7B}
	EndGlobalSection
EndGlobal
